{
  "nodes": {
    "home-manager": {
      "inputs": {
        "nixpkgs": [
          "nixpkgs"
        ]
      },
      "locked": {
        "lastModified": 1604441492,
        "narHash": "sha256-Wo7WqdwNQnWHmhyZuhVLrAEpCuZl88cA9ttxkiCTekY=",
        "owner": "nix-community",
        "repo": "home-manager",
        "rev": "63f299b3347aea183fc5088e4d6c4a193b334a41",
        "type": "github"
      },
      "original": {
        "owner": "nix-community",
        "ref": "release-20.09",
        "repo": "home-manager",
        "type": "github"
      }
    },
    "nixos-hardware": {
      "locked": {
        "lastModified": 1607254103,
        "narHash": "sha256-oU+aVtY3vIY0hGNUJM5RKdhx6ipuFDdn3farszfys/0=",
        "owner": "nixos",
        "repo": "nixos-hardware",
        "rev": "87522b29a276a4cab5718e5309aa7d74bc7de75a",
        "type": "github"
      },
      "original": {
        "owner": "nixos",
        "ref": "master",
        "repo": "nixos-hardware",
        "type": "github"
      }
    },
    "nixpkgs": {
      "locked": {
        "lastModified": 1607432359,
        "narHash": "sha256-hfznJ/1ikvkSQ7N1/+CWFK8XzXKOsQZA8Hsj2fnc7nE=",
        "owner": "nixos",
        "repo": "nixpkgs",
        "rev": "78dc359abf8217da2499a6da0fcf624b139d7ac3",
        "type": "github"
      },
      "original": {
        "owner": "nixos",
        "ref": "nixos-20.09",
        "repo": "nixpkgs",
        "type": "github"
      }
    },
    "root": {
      "inputs": {
        "home-manager": "home-manager",
        "nixos-hardware": "nixos-hardware",
        "nixpkgs": "nixpkgs"
      }
    }
  },
  "root": "root",
  "version": 7
}
